
Microsoft Visual Studio Solution File, Format Version 12.00
# Visual Studio Version 16
VisualStudioVersion = 16.0.29025.244
MinimumVisualStudioVersion = 10.0.40219.1
Project("{FAE04EC0-301F-11D3-BF4B-00C04F79EFBC}") = "WordsClassification", "WordsClassification\WordsClassification.csproj", "{F61098E7-A3C2-4925-ABCF-6F5E419123A6}"
EndProject
Global
	GlobalSection(SolutionConfigurationPlatforms) = preSolution
		Debug|Any CPU = Debug|Any CPU
		Release|Any CPU = Release|Any CPU
	EndGlobalSection
	GlobalSection(ProjectConfigurationPlatforms) = postSolution
		{F61098E7-A3C2-4925-ABCF-6F5E419123A6}.Debug|Any CPU.ActiveCfg = Debug|Any CPU
		{F61098E7-A3C2-4925-ABCF-6F5E419123A6}.Debug|Any CPU.Build.0 = Debug|Any CPU
		{F61098E7-A3C2-4925-ABCF-6F5E419123A6}.Release|Any CPU.ActiveCfg = Release|Any CPU
		{F61098E7-A3C2-4925-ABCF-6F5E419123A6}.Release|Any CPU.Build.0 = Release|Any CPU
	EndGlobalSection
	GlobalSection(SolutionProperties) = preSolution
		HideSolutionNode = FALSE
	EndGlobalSection
	GlobalSection(ExtensibilityGlobals) = postSolution
		SolutionGuid = {0A39EE96-2846-4B14-8B60-6B77773C29C2}
	EndGlobalSection
EndGlobal
